
Microsoft Visual Studio Solution File, Format Version 12.00
# Visual Studio Version 17
VisualStudioVersion = 17.6.33723.286
MinimumVisualStudioVersion = 10.0.40219.1
Project("{FAE04EC0-301F-11D3-BF4B-00C04F79EFBC}") = "gerenciador-de-notas", "gerenciador-de-notas.csproj", "{1DC2D8EF-876E-41C7-A3F4-D86C28EC5316}"
EndProject
Global
	GlobalSection(SolutionConfigurationPlatforms) = preSolution
		Debug|Any CPU = Debug|Any CPU
		Release|Any CPU = Release|Any CPU
	EndGlobalSection
	GlobalSection(ProjectConfigurationPlatforms) = postSolution
		{1DC2D8EF-876E-41C7-A3F4-D86C28EC5316}.Debug|Any CPU.ActiveCfg = Debug|Any CPU
		{1DC2D8EF-876E-41C7-A3F4-D86C28EC5316}.Debug|Any CPU.Build.0 = Debug|Any CPU
		{1DC2D8EF-876E-41C7-A3F4-D86C28EC5316}.Release|Any CPU.ActiveCfg = Release|Any CPU
		{1DC2D8EF-876E-41C7-A3F4-D86C28EC5316}.Release|Any CPU.Build.0 = Release|Any CPU
	EndGlobalSection
	GlobalSection(SolutionProperties) = preSolution
		HideSolutionNode = FALSE
	EndGlobalSection
	GlobalSection(ExtensibilityGlobals) = postSolution
		SolutionGuid = {5ADC21B7-7FCE-4764-B181-3725F98E9082}
	EndGlobalSection
EndGlobal
